
Microsoft Visual Studio Solution File, Format Version 12.00
# Visual Studio Version 16
VisualStudioVersion = 16.0.31205.134
MinimumVisualStudioVersion = 10.0.40219.1
Project("{FAE04EC0-301F-11D3-BF4B-00C04F79EFBC}") = "ASP_NET_OOP_Opg3", "ASP_NET_OOP_Opg3\ASP_NET_OOP_Opg3.csproj", "{4D773417-EE8C-4B14-A321-6B4EFDA447CC}"
EndProject
Global
	GlobalSection(SolutionConfigurationPlatforms) = preSolution
		Debug|Any CPU = Debug|Any CPU
		Release|Any CPU = Release|Any CPU
	EndGlobalSection
	GlobalSection(ProjectConfigurationPlatforms) = postSolution
		{4D773417-EE8C-4B14-A321-6B4EFDA447CC}.Debug|Any CPU.ActiveCfg = Debug|Any CPU
		{4D773417-EE8C-4B14-A321-6B4EFDA447CC}.Debug|Any CPU.Build.0 = Debug|Any CPU
		{4D773417-EE8C-4B14-A321-6B4EFDA447CC}.Release|Any CPU.ActiveCfg = Release|Any CPU
		{4D773417-EE8C-4B14-A321-6B4EFDA447CC}.Release|Any CPU.Build.0 = Release|Any CPU
	EndGlobalSection
	GlobalSection(SolutionProperties) = preSolution
		HideSolutionNode = FALSE
	EndGlobalSection
	GlobalSection(ExtensibilityGlobals) = postSolution
		SolutionGuid = {AD759952-7E0B-44A1-974A-E9120880AE07}
	EndGlobalSection
EndGlobal
